
Microsoft Visual Studio Solution File, Format Version 12.00
# Visual Studio Version 16
VisualStudioVersion = 16.0.30114.105
MinimumVisualStudioVersion = 10.0.40219.1
Project("{FAE04EC0-301F-11D3-BF4B-00C04F79EFBC}") = "projecBlue", "projecBlue\projecBlue.csproj", "{D225F216-DFF0-4B21-917E-ACA856FE6FD6}"
EndProject
Global
	GlobalSection(SolutionConfigurationPlatforms) = preSolution
		Debug|Any CPU = Debug|Any CPU
		Release|Any CPU = Release|Any CPU
	EndGlobalSection
	GlobalSection(ProjectConfigurationPlatforms) = postSolution
		{D225F216-DFF0-4B21-917E-ACA856FE6FD6}.Debug|Any CPU.ActiveCfg = Debug|Any CPU
		{D225F216-DFF0-4B21-917E-ACA856FE6FD6}.Debug|Any CPU.Build.0 = Debug|Any CPU
		{D225F216-DFF0-4B21-917E-ACA856FE6FD6}.Release|Any CPU.ActiveCfg = Release|Any CPU
		{D225F216-DFF0-4B21-917E-ACA856FE6FD6}.Release|Any CPU.Build.0 = Release|Any CPU
	EndGlobalSection
	GlobalSection(SolutionProperties) = preSolution
		HideSolutionNode = FALSE
	EndGlobalSection
	GlobalSection(ExtensibilityGlobals) = postSolution
		SolutionGuid = {4A9C2F02-D866-466A-8BEE-80F02753C646}
	EndGlobalSection
EndGlobal
